
Microsoft Visual Studio Solution File, Format Version 11.00
# Visual Studio 2010
Project("{FAE04EC0-301F-11D3-BF4B-00C04F79EFBC}") = "Unity.2D.Tilemap.Extras", "Unity.2D.Tilemap.Extras.csproj", "{1279F04B-64C1-552D-FF4B-7534EA6536A9}"
EndProject
Project("{FAE04EC0-301F-11D3-BF4B-00C04F79EFBC}") = "Unity.2D.Tilemap.Extras.Editor", "Unity.2D.Tilemap.Extras.Editor.csproj", "{2439929C-683C-BA28-14E5-9F95D3E383B4}"
EndProject
Project("{FAE04EC0-301F-11D3-BF4B-00C04F79EFBC}") = "Unity.2D.Tilemap.Extras.Placeholder.EditorTests", "Unity.2D.Tilemap.Extras.Placeholder.EditorTests.csproj", "{3B5DE132-9002-81FE-A5ED-DBDBBA5D4FCF}"
EndProject
Global
	GlobalSection(SolutionConfigurationPlatforms) = preSolution
		Debug|Any CPU = Debug|Any CPU
		Release|Any CPU = Release|Any CPU
	EndGlobalSection
	GlobalSection(ProjectConfigurationPlatforms) = postSolution
		{1279F04B-64C1-552D-FF4B-7534EA6536A9}.Debug|Any CPU.ActiveCfg = Debug|Any CPU
		{1279F04B-64C1-552D-FF4B-7534EA6536A9}.Debug|Any CPU.Build.0 = Debug|Any CPU
		{1279F04B-64C1-552D-FF4B-7534EA6536A9}.Release|Any CPU.ActiveCfg = Release|Any CPU
		{1279F04B-64C1-552D-FF4B-7534EA6536A9}.Release|Any CPU.Build.0 = Release|Any CPU
		{2439929C-683C-BA28-14E5-9F95D3E383B4}.Debug|Any CPU.ActiveCfg = Debug|Any CPU
		{2439929C-683C-BA28-14E5-9F95D3E383B4}.Debug|Any CPU.Build.0 = Debug|Any CPU
		{2439929C-683C-BA28-14E5-9F95D3E383B4}.Release|Any CPU.ActiveCfg = Release|Any CPU
		{2439929C-683C-BA28-14E5-9F95D3E383B4}.Release|Any CPU.Build.0 = Release|Any CPU
		{3B5DE132-9002-81FE-A5ED-DBDBBA5D4FCF}.Debug|Any CPU.ActiveCfg = Debug|Any CPU
		{3B5DE132-9002-81FE-A5ED-DBDBBA5D4FCF}.Debug|Any CPU.Build.0 = Debug|Any CPU
		{3B5DE132-9002-81FE-A5ED-DBDBBA5D4FCF}.Release|Any CPU.ActiveCfg = Release|Any CPU
		{3B5DE132-9002-81FE-A5ED-DBDBBA5D4FCF}.Release|Any CPU.Build.0 = Release|Any CPU
	EndGlobalSection
	GlobalSection(SolutionProperties) = preSolution
		HideSolutionNode = FALSE
	EndGlobalSection
EndGlobal
